
Microsoft Visual Studio Solution File, Format Version 12.00
# Visual Studio 15
VisualStudioVersion = 15.0.28010.2003
MinimumVisualStudioVersion = 10.0.40219.1
Project("{2150E333-8FDC-42A3-9474-1A3956D46DE8}") = "01_Web", "01_Web", "{510FFF27-AB4C-4162-9AA8-6DEED7545C2B}"
EndProject
Project("{2150E333-8FDC-42A3-9474-1A3956D46DE8}") = "02_GraphQL", "02_GraphQL", "{16044180-3750-47B1-9986-526F9F427880}"
EndProject
Project("{9A19103F-16F7-4668-BE54-9A1E7A4F7556}") = "Web", "Web\Web.csproj", "{59A8330E-77FF-4F28-A146-9F920AF06F1B}"
EndProject
Project("{9A19103F-16F7-4668-BE54-9A1E7A4F7556}") = "CdmxContamination", "GraphQL\CdmxContamination.csproj", "{3C7A5427-9FBC-42AE-9204-8FBBE80D0DB2}"
EndProject
Project("{9A19103F-16F7-4668-BE54-9A1E7A4F7556}") = "Models", "Model\Models.csproj", "{AC1027E7-2FD1-4861-AD97-AFBC3D97061D}"
EndProject
Project("{2150E333-8FDC-42A3-9474-1A3956D46DE8}") = "04_DatabaseAccess", "04_DatabaseAccess", "{398F8272-1C5D-44A3-A91C-53592E85B3E9}"
EndProject
Project("{9A19103F-16F7-4668-BE54-9A1E7A4F7556}") = "Dtos", "Dtos\Dtos.csproj", "{710C19FC-C692-4EE1-BC05-C0AE31AA7D26}"
EndProject
Project("{9A19103F-16F7-4668-BE54-9A1E7A4F7556}") = "DatabaseAccess", "DataBaseAccess\DatabaseAccess.csproj", "{73F9B38A-2A49-492F-B0FA-0B90B9592438}"
EndProject
Project("{9A19103F-16F7-4668-BE54-9A1E7A4F7556}") = "DependencyInjection", "DependencyInjection\DependencyInjection.csproj", "{F78D13C8-52E1-41AF-9C2A-41CBEBB3668A}"
EndProject
Project("{2150E333-8FDC-42A3-9474-1A3956D46DE8}") = "CrossCutting", "CrossCutting", "{E82F11A1-B9AF-49F0-95F7-BB51B1957AF3}"
EndProject
Project("{9A19103F-16F7-4668-BE54-9A1E7A4F7556}") = "Business", "Business\Business.csproj", "{A6BC85CE-8612-4A86-982B-B1A6B96D839D}"
EndProject
Project("{2150E333-8FDC-42A3-9474-1A3956D46DE8}") = "03_Business", "03_Business", "{7C0ADB20-761A-48B9-A15C-8199A5148346}"
EndProject
Project("{9A19103F-16F7-4668-BE54-9A1E7A4F7556}") = "Utils", "Utils\Utils.csproj", "{691E8D33-0E55-43F8-9606-46D0B414CE78}"
EndProject
Project("{00D1A9C2-B5F0-4AF3-8072-F6C62B433612}") = "Database", "Database\Database.sqlproj", "{EF562289-453C-4209-9F8E-B6A14773A7AC}"
EndProject
Global
	GlobalSection(SolutionConfigurationPlatforms) = preSolution
		Debug|Any CPU = Debug|Any CPU
		Release|Any CPU = Release|Any CPU
	EndGlobalSection
	GlobalSection(ProjectConfigurationPlatforms) = postSolution
		{59A8330E-77FF-4F28-A146-9F920AF06F1B}.Debug|Any CPU.ActiveCfg = Debug|Any CPU
		{59A8330E-77FF-4F28-A146-9F920AF06F1B}.Debug|Any CPU.Build.0 = Debug|Any CPU
		{59A8330E-77FF-4F28-A146-9F920AF06F1B}.Release|Any CPU.ActiveCfg = Release|Any CPU
		{59A8330E-77FF-4F28-A146-9F920AF06F1B}.Release|Any CPU.Build.0 = Release|Any CPU
		{3C7A5427-9FBC-42AE-9204-8FBBE80D0DB2}.Debug|Any CPU.ActiveCfg = Debug|Any CPU
		{3C7A5427-9FBC-42AE-9204-8FBBE80D0DB2}.Debug|Any CPU.Build.0 = Debug|Any CPU
		{3C7A5427-9FBC-42AE-9204-8FBBE80D0DB2}.Release|Any CPU.ActiveCfg = Release|Any CPU
		{3C7A5427-9FBC-42AE-9204-8FBBE80D0DB2}.Release|Any CPU.Build.0 = Release|Any CPU
		{AC1027E7-2FD1-4861-AD97-AFBC3D97061D}.Debug|Any CPU.ActiveCfg = Debug|Any CPU
		{AC1027E7-2FD1-4861-AD97-AFBC3D97061D}.Debug|Any CPU.Build.0 = Debug|Any CPU
		{AC1027E7-2FD1-4861-AD97-AFBC3D97061D}.Release|Any CPU.ActiveCfg = Release|Any CPU
		{AC1027E7-2FD1-4861-AD97-AFBC3D97061D}.Release|Any CPU.Build.0 = Release|Any CPU
		{710C19FC-C692-4EE1-BC05-C0AE31AA7D26}.Debug|Any CPU.ActiveCfg = Debug|Any CPU
		{710C19FC-C692-4EE1-BC05-C0AE31AA7D26}.Debug|Any CPU.Build.0 = Debug|Any CPU
		{710C19FC-C692-4EE1-BC05-C0AE31AA7D26}.Release|Any CPU.ActiveCfg = Release|Any CPU
		{710C19FC-C692-4EE1-BC05-C0AE31AA7D26}.Release|Any CPU.Build.0 = Release|Any CPU
		{73F9B38A-2A49-492F-B0FA-0B90B9592438}.Debug|Any CPU.ActiveCfg = Debug|Any CPU
		{73F9B38A-2A49-492F-B0FA-0B90B9592438}.Debug|Any CPU.Build.0 = Debug|Any CPU
		{73F9B38A-2A49-492F-B0FA-0B90B9592438}.Release|Any CPU.ActiveCfg = Release|Any CPU
		{73F9B38A-2A49-492F-B0FA-0B90B9592438}.Release|Any CPU.Build.0 = Release|Any CPU
		{F78D13C8-52E1-41AF-9C2A-41CBEBB3668A}.Debug|Any CPU.ActiveCfg = Debug|Any CPU
		{F78D13C8-52E1-41AF-9C2A-41CBEBB3668A}.Debug|Any CPU.Build.0 = Debug|Any CPU
		{F78D13C8-52E1-41AF-9C2A-41CBEBB3668A}.Release|Any CPU.ActiveCfg = Release|Any CPU
		{F78D13C8-52E1-41AF-9C2A-41CBEBB3668A}.Release|Any CPU.Build.0 = Release|Any CPU
		{A6BC85CE-8612-4A86-982B-B1A6B96D839D}.Debug|Any CPU.ActiveCfg = Debug|Any CPU
		{A6BC85CE-8612-4A86-982B-B1A6B96D839D}.Debug|Any CPU.Build.0 = Debug|Any CPU
		{A6BC85CE-8612-4A86-982B-B1A6B96D839D}.Release|Any CPU.ActiveCfg = Release|Any CPU
		{A6BC85CE-8612-4A86-982B-B1A6B96D839D}.Release|Any CPU.Build.0 = Release|Any CPU
		{691E8D33-0E55-43F8-9606-46D0B414CE78}.Debug|Any CPU.ActiveCfg = Debug|Any CPU
		{691E8D33-0E55-43F8-9606-46D0B414CE78}.Debug|Any CPU.Build.0 = Debug|Any CPU
		{691E8D33-0E55-43F8-9606-46D0B414CE78}.Release|Any CPU.ActiveCfg = Release|Any CPU
		{691E8D33-0E55-43F8-9606-46D0B414CE78}.Release|Any CPU.Build.0 = Release|Any CPU
		{EF562289-453C-4209-9F8E-B6A14773A7AC}.Debug|Any CPU.ActiveCfg = Debug|Any CPU
		{EF562289-453C-4209-9F8E-B6A14773A7AC}.Debug|Any CPU.Build.0 = Debug|Any CPU
		{EF562289-453C-4209-9F8E-B6A14773A7AC}.Debug|Any CPU.Deploy.0 = Debug|Any CPU
		{EF562289-453C-4209-9F8E-B6A14773A7AC}.Release|Any CPU.ActiveCfg = Release|Any CPU
		{EF562289-453C-4209-9F8E-B6A14773A7AC}.Release|Any CPU.Build.0 = Release|Any CPU
		{EF562289-453C-4209-9F8E-B6A14773A7AC}.Release|Any CPU.Deploy.0 = Release|Any CPU
	EndGlobalSection
	GlobalSection(SolutionProperties) = preSolution
		HideSolutionNode = FALSE
	EndGlobalSection
	GlobalSection(NestedProjects) = preSolution
		{59A8330E-77FF-4F28-A146-9F920AF06F1B} = {510FFF27-AB4C-4162-9AA8-6DEED7545C2B}
		{3C7A5427-9FBC-42AE-9204-8FBBE80D0DB2} = {16044180-3750-47B1-9986-526F9F427880}
		{AC1027E7-2FD1-4861-AD97-AFBC3D97061D} = {398F8272-1C5D-44A3-A91C-53592E85B3E9}
		{710C19FC-C692-4EE1-BC05-C0AE31AA7D26} = {E82F11A1-B9AF-49F0-95F7-BB51B1957AF3}
		{73F9B38A-2A49-492F-B0FA-0B90B9592438} = {398F8272-1C5D-44A3-A91C-53592E85B3E9}
		{F78D13C8-52E1-41AF-9C2A-41CBEBB3668A} = {E82F11A1-B9AF-49F0-95F7-BB51B1957AF3}
		{A6BC85CE-8612-4A86-982B-B1A6B96D839D} = {7C0ADB20-761A-48B9-A15C-8199A5148346}
		{691E8D33-0E55-43F8-9606-46D0B414CE78} = {E82F11A1-B9AF-49F0-95F7-BB51B1957AF3}
	EndGlobalSection
	GlobalSection(ExtensibilityGlobals) = postSolution
		SolutionGuid = {4EEE92DB-BC9E-4654-AD3C-F9E4B9D55CCE}
	EndGlobalSection
EndGlobal
